
Microsoft Visual Studio Solution File, Format Version 12.00
# Visual Studio Version 17
VisualStudioVersion = 17.3.32901.215
MinimumVisualStudioVersion = 10.0.40219.1
Project("{FAE04EC0-301F-11D3-BF4B-00C04F79EFBC}") = "review3", "review3.csproj", "{77394F69-E8E6-4ED3-BC62-2D4F7EE82191}"
EndProject
Global
	GlobalSection(SolutionConfigurationPlatforms) = preSolution
		Debug|Any CPU = Debug|Any CPU
		Release|Any CPU = Release|Any CPU
	EndGlobalSection
	GlobalSection(ProjectConfigurationPlatforms) = postSolution
		{77394F69-E8E6-4ED3-BC62-2D4F7EE82191}.Debug|Any CPU.ActiveCfg = Debug|Any CPU
		{77394F69-E8E6-4ED3-BC62-2D4F7EE82191}.Debug|Any CPU.Build.0 = Debug|Any CPU
		{77394F69-E8E6-4ED3-BC62-2D4F7EE82191}.Release|Any CPU.ActiveCfg = Release|Any CPU
		{77394F69-E8E6-4ED3-BC62-2D4F7EE82191}.Release|Any CPU.Build.0 = Release|Any CPU
	EndGlobalSection
	GlobalSection(SolutionProperties) = preSolution
		HideSolutionNode = FALSE
	EndGlobalSection
	GlobalSection(ExtensibilityGlobals) = postSolution
		SolutionGuid = {9832B57A-456F-4D7A-8830-8E86DB2B007A}
	EndGlobalSection
EndGlobal
